<?xml version="1.0" encoding="utf-8"?>
<Project ToolsVersion="4.0" xmlns="http://schemas.microsoft.com/developer/msbuild/2003">
  <ItemGroup>
    <Filter Include="Source Files">
      <UniqueIdentifier>{4FC737F1-C7A5-4376-A066-2A32D752A2FF}</UniqueIdentifier>
      <Extensions>cpp;c;cc;cxx;def;odl;idl;hpj;bat;asm;asmx</Extensions>
    </Filter>
    <Filter Include="Header Files">
      <UniqueIdentifier>{93995380-89BD-4b04-88EB-625FBE52EBFB}</UniqueIdentifier>
      <Extensions>h;hh;hpp;hxx;hm;inl;inc;ipp;xsd</Extensions>
    </Filter>
    <Filter Include="Resource Files">
      <UniqueIdentifier>{67DA6AB6-F800-4c08-8B7A-83BB121AAD01}</UniqueIdentifier>
      <Extensions>rc;ico;cur;bmp;dlg;rc2;rct;bin;rgs;gif;jpg;jpeg;jpe;resx;tiff;tif;png;wav;mfcribbon-ms</Extensions>
    </Filter>
    <Filter Include="Header Files\Game">
      <UniqueIdentifier>{e6baa4d0-1965-4bc4-9ae5-0ae0e9f24452}</UniqueIdentifier>
    </Filter>
    <Filter Include="Source Files\Game">
      <UniqueIdentifier>{c5029c89-fd28-488f-884c-e798daa29352}</UniqueIdentifier>
    </Filter>
    <Filter Include="Header Files\Game\Scenes">
      <UniqueIdentifier>{9730f14c-1c5b-4606-8db1-65139f75a581}</UniqueIdentifier>
    </Filter>
    <Filter Include="Source Files\Game\Scenes">
      <UniqueIdentifier>{75e6e336-871a-4843-ae01-7cd356926bd8}</UniqueIdentifier>
    </Filter>
    <Filter Include="Header Files\Engine">
      <UniqueIdentifier>{fbd068e9-6c30-48f3-a1be-39b2106b5ff0}</UniqueIdentifier>
    </Filter>
    <Filter Include="Header Files\Engine\Scene">
      <UniqueIdentifier>{85aba800-26e4-404d-8a9a-3c515216c7dd}</UniqueIdentifier>
    </Filter>
    <Filter Include="Header Files\Engine\Tools">
      <UniqueIdentifier>{229d1142-b666-4735-884d-29808a163eea}</UniqueIdentifier>
    </Filter>
    <Filter Include="Source Files\Engine">
      <UniqueIdentifier>{3bdd8fc5-a6a1-4a52-b95f-1221c62135ff}</UniqueIdentifier>
    </Filter>
    <Filter Include="Source Files\Engine\Scene">
      <UniqueIdentifier>{1ccc0c90-1ae3-4302-91d9-93b82997697c}</UniqueIdentifier>
    </Filter>
    <Filter Include="Source Files\Engine\Tools">
      <UniqueIdentifier>{bad9624a-1182-4bf2-b0cf-bd164a6b9b13}</UniqueIdentifier>
    </Filter>
    <Filter Include="Source Files\Engine\Input">
      <UniqueIdentifier>{c4f3c795-e46b-4418-8d1e-1bb2382f9762}</UniqueIdentifier>
    </Filter>
    <Filter Include="Header Files\Engine\Input">
      <UniqueIdentifier>{cb4ba068-a28c-44b2-8ed9-ec0becc3ccb3}</UniqueIdentifier>
    </Filter>
    <Filter Include="Source Files\Engine\Nodes">
      <UniqueIdentifier>{c30d3937-d236-4969-a49d-e6aca3c0f991}</UniqueIdentifier>
    </Filter>
    <Filter Include="Header Files\Engine\Nodes">
      <UniqueIdentifier>{85dd8543-9521-482a-b936-46993cd66325}</UniqueIdentifier>
    </Filter>
    <Filter Include="Header Files\Engine\Nodes\Physics">
      <UniqueIdentifier>{3acadc55-bed3-4c63-b60d-a7fb566b20a5}</UniqueIdentifier>
    </Filter>
    <Filter Include="Source Files\Engine\Nodes\Physics">
      <UniqueIdentifier>{38647b96-d58e-40a0-82fa-2f39ff5f019b}</UniqueIdentifier>
    </Filter>
    <Filter Include="Header Files\Game\Units">
      <UniqueIdentifier>{6af7802d-5f36-4360-ad80-f9193945edc2}</UniqueIdentifier>
    </Filter>
    <Filter Include="Source Files\Game\Units">
      <UniqueIdentifier>{de274274-1640-4816-ba34-a7bc22cc32bd}</UniqueIdentifier>
    </Filter>
    <Filter Include="Source Files\Engine\Physics">
      <UniqueIdentifier>{2488d1d1-96bc-4040-aae8-4fc29e6b7888}</UniqueIdentifier>
    </Filter>
    <Filter Include="Header Files\Engine\Physics">
      <UniqueIdentifier>{f5a272ac-d867-4be6-867d-5394d32c6fd8}</UniqueIdentifier>
    </Filter>
    <Filter Include="Header Files\Engine\Physics\Colliders">
      <UniqueIdentifier>{fbb59661-5c71-4c83-8b8a-08bb38fb2fea}</UniqueIdentifier>
    </Filter>
    <Filter Include="Source Files\Engine\Physics\Colliders">
      <UniqueIdentifier>{2d56922f-484d-4bcc-9212-6d9df122c244}</UniqueIdentifier>
    </Filter>
    <Filter Include="Header Files\Game\Units\Controller">
      <UniqueIdentifier>{30bf4ebd-0801-457b-8c04-27133494c6ab}</UniqueIdentifier>
    </Filter>
    <Filter Include="Source Files\Game\Units\Controller">
      <UniqueIdentifier>{184b061b-da06-4b6e-bf8c-04d1853098f7}</UniqueIdentifier>
    </Filter>
  </ItemGroup>
  <ItemGroup>
    <ClCompile Include="Node2D.cpp">
      <Filter>Source Files\Engine\Nodes</Filter>
    </ClCompile>
    <ClCompile Include="main.cpp">
      <Filter>Source Files</Filter>
    </ClCompile>
    <ClCompile Include="Scene.cpp">
      <Filter>Source Files\Engine\Scene</Filter>
    </ClCompile>
    <ClCompile Include="SceneManager.cpp">
      <Filter>Source Files\Engine\Scene</Filter>
    </ClCompile>
    <ClCompile Include="MainScene.cpp">
      <Filter>Source Files\Game\Scenes</Filter>
    </ClCompile>
    <ClCompile Include="Engine.cpp">
      <Filter>Source Files\Engine</Filter>
    </ClCompile>
    <ClCompile Include="InputManager.cpp">
      <Filter>Source Files\Engine\Input</Filter>
    </ClCompile>
    <ClCompile Include="Shape2D.cpp">
      <Filter>Source Files\Engine\Nodes</Filter>
    </ClCompile>
    <ClCompile Include="PhysicNode.cpp">
      <Filter>Source Files\Engine\Nodes\Physics</Filter>
    </ClCompile>
    <ClCompile Include="PlayerUnit.cpp">
      <Filter>Source Files\Game\Units</Filter>
    </ClCompile>
    <ClCompile Include="PhysicsEngine.cpp">
      <Filter>Source Files\Engine\Physics</Filter>
    </ClCompile>
    <ClCompile Include="Collider.cpp">
      <Filter>Source Files\Engine\Physics\Colliders</Filter>
    </ClCompile>
    <ClCompile Include="CollisionResolver.cpp">
      <Filter>Source Files\Engine\Physics</Filter>
    </ClCompile>
    <ClCompile Include="ColliderCircle.cpp">
      <Filter>Source Files\Engine\Physics\Colliders</Filter>
    </ClCompile>
    <ClCompile Include="Ray.cpp">
      <Filter>Source Files\Game\Units</Filter>
    </ClCompile>
    <ClCompile Include="Obstacle.cpp">
      <Filter>Source Files\Game\Units</Filter>
    </ClCompile>
    <ClCompile Include="Enemy.cpp">
      <Filter>Source Files\Game\Units</Filter>
    </ClCompile>
  </ItemGroup>
  <ItemGroup>
    <ClInclude Include="Console.h">
      <Filter>Header Files\Engine\Tools</Filter>
    </ClInclude>
    <ClInclude Include="Node2D.h">
      <Filter>Header Files\Engine\Nodes</Filter>
    </ClInclude>
    <ClInclude Include="Scene.h">
      <Filter>Header Files\Engine\Scene</Filter>
    </ClInclude>
    <ClInclude Include="SceneManager.h">
      <Filter>Header Files\Engine\Scene</Filter>
    </ClInclude>
    <ClInclude Include="MainScene.h">
      <Filter>Header Files\Game\Scenes</Filter>
    </ClInclude>
    <ClInclude Include="Engine.h">
      <Filter>Header Files\Engine</Filter>
    </ClInclude>
    <ClInclude Include="InputManager.h">
      <Filter>Header Files\Engine\Input</Filter>
    </ClInclude>
    <ClInclude Include="Shape2D.h">
      <Filter>Header Files\Engine\Nodes</Filter>
    </ClInclude>
    <ClInclude Include="PhysicNode.h">
      <Filter>Header Files\Engine\Nodes\Physics</Filter>
    </ClInclude>
    <ClInclude Include="PlayerUnit.h">
      <Filter>Header Files\Game\Units</Filter>
    </ClInclude>
    <ClInclude Include="Math.h">
      <Filter>Header Files\Engine\Tools</Filter>
    </ClInclude>
    <ClInclude Include="PhysicsEngine.h">
      <Filter>Header Files\Engine\Physics</Filter>
    </ClInclude>
    <ClInclude Include="Collider.h">
      <Filter>Header Files\Engine\Physics\Colliders</Filter>
    </ClInclude>
    <ClInclude Include="CollisionResolver.h">
      <Filter>Header Files\Engine\Physics</Filter>
    </ClInclude>
    <ClInclude Include="ColliderCircle.h">
      <Filter>Header Files\Engine\Physics\Colliders</Filter>
    </ClInclude>
    <ClInclude Include="Ray.h">
      <Filter>Header Files\Game\Units</Filter>
    </ClInclude>
    <ClInclude Include="Obstacle.h">
      <Filter>Header Files\Game\Units</Filter>
    </ClInclude>
    <ClInclude Include="Enemy.h">
      <Filter>Header Files\Game\Units</Filter>
    </ClInclude>
  </ItemGroup>
</Project>